
Microsoft Visual Studio Solution File, Format Version 12.00
# Visual Studio Version 16
VisualStudioVersion = 16.0.29102.190
MinimumVisualStudioVersion = 10.0.40219.1
Project("{FAE04EC0-301F-11D3-BF4B-00C04F79EFBC}") = "WindowsFormsApp1", "WindowsFormsApp1\WindowsFormsApp1.csproj", "{D130F1DF-4649-43A2-B187-6D523D6FF7B7}"
EndProject
Global
	GlobalSection(SolutionConfigurationPlatforms) = preSolution
		Debug|Any CPU = Debug|Any CPU
		Release|Any CPU = Release|Any CPU
	EndGlobalSection
	GlobalSection(ProjectConfigurationPlatforms) = postSolution
		{D130F1DF-4649-43A2-B187-6D523D6FF7B7}.Debug|Any CPU.ActiveCfg = Debug|Any CPU
		{D130F1DF-4649-43A2-B187-6D523D6FF7B7}.Debug|Any CPU.Build.0 = Debug|Any CPU
		{D130F1DF-4649-43A2-B187-6D523D6FF7B7}.Release|Any CPU.ActiveCfg = Release|Any CPU
		{D130F1DF-4649-43A2-B187-6D523D6FF7B7}.Release|Any CPU.Build.0 = Release|Any CPU
	EndGlobalSection
	GlobalSection(SolutionProperties) = preSolution
		HideSolutionNode = FALSE
	EndGlobalSection
	GlobalSection(ExtensibilityGlobals) = postSolution
		SolutionGuid = {2F3A259F-F501-4A04-8D06-D920505C6171}
	EndGlobalSection
EndGlobal
